
Microsoft Visual Studio Solution File, Format Version 12.00
# Visual Studio 15
VisualStudioVersion = 15.0.28307.329
MinimumVisualStudioVersion = 10.0.40219.1
Project("{888888A0-9F3D-457C-B088-3A5042F75D52}") = "folderFromCSV", "folderFromCSV\folderFromCSV.pyproj", "{DDD4D4CC-05F6-436B-B5C3-2852F0D658E6}"
EndProject
Global
	GlobalSection(SolutionConfigurationPlatforms) = preSolution
		Debug|Any CPU = Debug|Any CPU
		Release|Any CPU = Release|Any CPU
	EndGlobalSection
	GlobalSection(ProjectConfigurationPlatforms) = postSolution
		{DDD4D4CC-05F6-436B-B5C3-2852F0D658E6}.Debug|Any CPU.ActiveCfg = Debug|Any CPU
		{DDD4D4CC-05F6-436B-B5C3-2852F0D658E6}.Release|Any CPU.ActiveCfg = Release|Any CPU
	EndGlobalSection
	GlobalSection(SolutionProperties) = preSolution
		HideSolutionNode = FALSE
	EndGlobalSection
	GlobalSection(ExtensibilityGlobals) = postSolution
		SolutionGuid = {C56853A5-6EA1-453A-91A0-91B50300C58A}
	EndGlobalSection
EndGlobal
